
Microsoft Visual Studio Solution File, Format Version 12.00
# Visual Studio Version 16
VisualStudioVersion = 16.0.28917.181
MinimumVisualStudioVersion = 15.0.26124.0
Project("{9A19103F-16F7-4668-BE54-9A1E7A4F7556}") = "Epidemic.API.Listing", "Epidemic.API.Listing\Epidemic.API.Listing.csproj", "{EA794DBB-D3E4-47F1-B710-201D74D89B22}"
EndProject
Project("{2150E333-8FDC-42A3-9474-1A3956D46DE8}") = "API Layer", "API Layer", "{8D5BD5C3-CE4D-4037-8231-AD724BD000F5}"
EndProject
Project("{9A19103F-16F7-4668-BE54-9A1E7A4F7556}") = "Epidemic.API.Tests.Unit", "Epidemic.API.Tests.Unit\Epidemic.API.Tests.Unit.csproj", "{CD4AA8C7-74F7-4799-A4FE-A8FD4CE191A2}"
EndProject
Project("{2150E333-8FDC-42A3-9474-1A3956D46DE8}") = "Data Layer", "Data Layer", "{73F73EEF-726A-46AB-A5A6-AFB6145461C2}"
EndProject
Project("{9A19103F-16F7-4668-BE54-9A1E7A4F7556}") = "Epidemic.Data", "Epidemic.Data\Epidemic.Data.csproj", "{A867F60A-FCF4-40FE-8B90-C7C762D743C6}"
EndProject
Project("{2150E333-8FDC-42A3-9474-1A3956D46DE8}") = "Cross-Cutting Concerns", "Cross-Cutting Concerns", "{627F96BC-32CB-44C9-BA69-68FF72F683A5}"
EndProject
Project("{9A19103F-16F7-4668-BE54-9A1E7A4F7556}") = "Epidemic.Shared", "Epidemic.Shared\Epidemic.Shared.csproj", "{C2EC1CF4-F468-453D-AC8B-1C0D23EA9796}"
EndProject
Global
	GlobalSection(SolutionConfigurationPlatforms) = preSolution
		Debug|Any CPU = Debug|Any CPU
		Debug|x64 = Debug|x64
		Debug|x86 = Debug|x86
		Release|Any CPU = Release|Any CPU
		Release|x64 = Release|x64
		Release|x86 = Release|x86
	EndGlobalSection
	GlobalSection(ProjectConfigurationPlatforms) = postSolution
		{EA794DBB-D3E4-47F1-B710-201D74D89B22}.Debug|Any CPU.ActiveCfg = Debug|Any CPU
		{EA794DBB-D3E4-47F1-B710-201D74D89B22}.Debug|Any CPU.Build.0 = Debug|Any CPU
		{EA794DBB-D3E4-47F1-B710-201D74D89B22}.Debug|x64.ActiveCfg = Debug|Any CPU
		{EA794DBB-D3E4-47F1-B710-201D74D89B22}.Debug|x64.Build.0 = Debug|Any CPU
		{EA794DBB-D3E4-47F1-B710-201D74D89B22}.Debug|x86.ActiveCfg = Debug|Any CPU
		{EA794DBB-D3E4-47F1-B710-201D74D89B22}.Debug|x86.Build.0 = Debug|Any CPU
		{EA794DBB-D3E4-47F1-B710-201D74D89B22}.Release|Any CPU.ActiveCfg = Release|Any CPU
		{EA794DBB-D3E4-47F1-B710-201D74D89B22}.Release|Any CPU.Build.0 = Release|Any CPU
		{EA794DBB-D3E4-47F1-B710-201D74D89B22}.Release|x64.ActiveCfg = Release|Any CPU
		{EA794DBB-D3E4-47F1-B710-201D74D89B22}.Release|x64.Build.0 = Release|Any CPU
		{EA794DBB-D3E4-47F1-B710-201D74D89B22}.Release|x86.ActiveCfg = Release|Any CPU
		{EA794DBB-D3E4-47F1-B710-201D74D89B22}.Release|x86.Build.0 = Release|Any CPU
		{CD4AA8C7-74F7-4799-A4FE-A8FD4CE191A2}.Debug|Any CPU.ActiveCfg = Debug|Any CPU
		{CD4AA8C7-74F7-4799-A4FE-A8FD4CE191A2}.Debug|Any CPU.Build.0 = Debug|Any CPU
		{CD4AA8C7-74F7-4799-A4FE-A8FD4CE191A2}.Debug|x64.ActiveCfg = Debug|Any CPU
		{CD4AA8C7-74F7-4799-A4FE-A8FD4CE191A2}.Debug|x64.Build.0 = Debug|Any CPU
		{CD4AA8C7-74F7-4799-A4FE-A8FD4CE191A2}.Debug|x86.ActiveCfg = Debug|Any CPU
		{CD4AA8C7-74F7-4799-A4FE-A8FD4CE191A2}.Debug|x86.Build.0 = Debug|Any CPU
		{CD4AA8C7-74F7-4799-A4FE-A8FD4CE191A2}.Release|Any CPU.ActiveCfg = Release|Any CPU
		{CD4AA8C7-74F7-4799-A4FE-A8FD4CE191A2}.Release|Any CPU.Build.0 = Release|Any CPU
		{CD4AA8C7-74F7-4799-A4FE-A8FD4CE191A2}.Release|x64.ActiveCfg = Release|Any CPU
		{CD4AA8C7-74F7-4799-A4FE-A8FD4CE191A2}.Release|x64.Build.0 = Release|Any CPU
		{CD4AA8C7-74F7-4799-A4FE-A8FD4CE191A2}.Release|x86.ActiveCfg = Release|Any CPU
		{CD4AA8C7-74F7-4799-A4FE-A8FD4CE191A2}.Release|x86.Build.0 = Release|Any CPU
		{A867F60A-FCF4-40FE-8B90-C7C762D743C6}.Debug|Any CPU.ActiveCfg = Debug|Any CPU
		{A867F60A-FCF4-40FE-8B90-C7C762D743C6}.Debug|Any CPU.Build.0 = Debug|Any CPU
		{A867F60A-FCF4-40FE-8B90-C7C762D743C6}.Debug|x64.ActiveCfg = Debug|Any CPU
		{A867F60A-FCF4-40FE-8B90-C7C762D743C6}.Debug|x64.Build.0 = Debug|Any CPU
		{A867F60A-FCF4-40FE-8B90-C7C762D743C6}.Debug|x86.ActiveCfg = Debug|Any CPU
		{A867F60A-FCF4-40FE-8B90-C7C762D743C6}.Debug|x86.Build.0 = Debug|Any CPU
		{A867F60A-FCF4-40FE-8B90-C7C762D743C6}.Release|Any CPU.ActiveCfg = Release|Any CPU
		{A867F60A-FCF4-40FE-8B90-C7C762D743C6}.Release|Any CPU.Build.0 = Release|Any CPU
		{A867F60A-FCF4-40FE-8B90-C7C762D743C6}.Release|x64.ActiveCfg = Release|Any CPU
		{A867F60A-FCF4-40FE-8B90-C7C762D743C6}.Release|x64.Build.0 = Release|Any CPU
		{A867F60A-FCF4-40FE-8B90-C7C762D743C6}.Release|x86.ActiveCfg = Release|Any CPU
		{A867F60A-FCF4-40FE-8B90-C7C762D743C6}.Release|x86.Build.0 = Release|Any CPU
		{C2EC1CF4-F468-453D-AC8B-1C0D23EA9796}.Debug|Any CPU.ActiveCfg = Debug|Any CPU
		{C2EC1CF4-F468-453D-AC8B-1C0D23EA9796}.Debug|Any CPU.Build.0 = Debug|Any CPU
		{C2EC1CF4-F468-453D-AC8B-1C0D23EA9796}.Debug|x64.ActiveCfg = Debug|Any CPU
		{C2EC1CF4-F468-453D-AC8B-1C0D23EA9796}.Debug|x64.Build.0 = Debug|Any CPU
		{C2EC1CF4-F468-453D-AC8B-1C0D23EA9796}.Debug|x86.ActiveCfg = Debug|Any CPU
		{C2EC1CF4-F468-453D-AC8B-1C0D23EA9796}.Debug|x86.Build.0 = Debug|Any CPU
		{C2EC1CF4-F468-453D-AC8B-1C0D23EA9796}.Release|Any CPU.ActiveCfg = Release|Any CPU
		{C2EC1CF4-F468-453D-AC8B-1C0D23EA9796}.Release|Any CPU.Build.0 = Release|Any CPU
		{C2EC1CF4-F468-453D-AC8B-1C0D23EA9796}.Release|x64.ActiveCfg = Release|Any CPU
		{C2EC1CF4-F468-453D-AC8B-1C0D23EA9796}.Release|x64.Build.0 = Release|Any CPU
		{C2EC1CF4-F468-453D-AC8B-1C0D23EA9796}.Release|x86.ActiveCfg = Release|Any CPU
		{C2EC1CF4-F468-453D-AC8B-1C0D23EA9796}.Release|x86.Build.0 = Release|Any CPU
	EndGlobalSection
	GlobalSection(SolutionProperties) = preSolution
		HideSolutionNode = FALSE
	EndGlobalSection
	GlobalSection(NestedProjects) = preSolution
		{EA794DBB-D3E4-47F1-B710-201D74D89B22} = {8D5BD5C3-CE4D-4037-8231-AD724BD000F5}
		{CD4AA8C7-74F7-4799-A4FE-A8FD4CE191A2} = {8D5BD5C3-CE4D-4037-8231-AD724BD000F5}
		{A867F60A-FCF4-40FE-8B90-C7C762D743C6} = {73F73EEF-726A-46AB-A5A6-AFB6145461C2}
		{C2EC1CF4-F468-453D-AC8B-1C0D23EA9796} = {627F96BC-32CB-44C9-BA69-68FF72F683A5}
	EndGlobalSection
	GlobalSection(ExtensibilityGlobals) = postSolution
		SolutionGuid = {E8B05769-3FD8-4B4D-8B54-2258EA6EE4C4}
	EndGlobalSection
EndGlobal
